
Microsoft Visual Studio Solution File, Format Version 12.00
# Visual Studio Version 17
VisualStudioVersion = 17.0.32112.339
MinimumVisualStudioVersion = 10.0.40219.1
Project("{FAE04EC0-301F-11D3-BF4B-00C04F79EFBC}") = "YuanshenAnti", "YuanshenAnti.csproj", "{CA36A17E-5A08-41ED-A001-42024C10769B}"
EndProject
Global
	GlobalSection(SolutionConfigurationPlatforms) = preSolution
		Debug|Any CPU = Debug|Any CPU
		Release|Any CPU = Release|Any CPU
	EndGlobalSection
	GlobalSection(ProjectConfigurationPlatforms) = postSolution
		{CA36A17E-5A08-41ED-A001-42024C10769B}.Debug|Any CPU.ActiveCfg = Debug|Any CPU
		{CA36A17E-5A08-41ED-A001-42024C10769B}.Debug|Any CPU.Build.0 = Debug|Any CPU
		{CA36A17E-5A08-41ED-A001-42024C10769B}.Release|Any CPU.ActiveCfg = Release|Any CPU
		{CA36A17E-5A08-41ED-A001-42024C10769B}.Release|Any CPU.Build.0 = Release|Any CPU
	EndGlobalSection
	GlobalSection(SolutionProperties) = preSolution
		HideSolutionNode = FALSE
	EndGlobalSection
	GlobalSection(ExtensibilityGlobals) = postSolution
		SolutionGuid = {45EBF910-AA00-424C-9DCC-42CCEB283963}
	EndGlobalSection
EndGlobal
